// !$*UTF8*$!
{
	archiveVersion = 1;
	classes = {
	};
	objectVersion = 56;
	objects = {

/* Begin PBXBuildFile section */
		0B2216D52C63DCA100AEB3EB /* HobbyTargetApp.swift in Sources */ = {isa = PBXBuildFile; fileRef = 0B2216D42C63DCA100AEB3EB /* HobbyTargetApp.swift */; };
		0B2216D72C63DCA100AEB3EB /* Home-View.swift in Sources */ = {isa = PBXBuildFile; fileRef = 0B2216D62C63DCA100AEB3EB /* Home-View.swift */; };
		0B2216D92C63DCA200AEB3EB /* Assets.xcassets in Resources */ = {isa = PBXBuildFile; fileRef = 0B2216D82C63DCA200AEB3EB /* Assets.xcassets */; };
		0B2216DC2C63DCA200AEB3EB /* Preview Assets.xcassets in Resources */ = {isa = PBXBuildFile; fileRef = 0B2216DB2C63DCA200AEB3EB /* Preview Assets.xcassets */; };
		0B2216DE2C63DCA200AEB3EB /* Persistence.swift in Sources */ = {isa = PBXBuildFile; fileRef = 0B2216DD2C63DCA200AEB3EB /* Persistence.swift */; };
		0B2216E12C63DCA200AEB3EB /* HobbyTarget.xcdatamodeld in Sources */ = {isa = PBXBuildFile; fileRef = 0B2216DF2C63DCA200AEB3EB /* HobbyTarget.xcdatamodeld */; };
		0B2216EB2C63DCA200AEB3EB /* HobbyTargetTests.swift in Sources */ = {isa = PBXBuildFile; fileRef = 0B2216EA2C63DCA200AEB3EB /* HobbyTargetTests.swift */; };
		0B2216F52C63DCA200AEB3EB /* HobbyTargetUITests.swift in Sources */ = {isa = PBXBuildFile; fileRef = 0B2216F42C63DCA200AEB3EB /* HobbyTargetUITests.swift */; };
		0B2216F72C63DCA200AEB3EB /* HobbyTargetUITestsLaunchTests.swift in Sources */ = {isa = PBXBuildFile; fileRef = 0B2216F62C63DCA200AEB3EB /* HobbyTargetUITestsLaunchTests.swift */; };
		0B2217082C63DF6A00AEB3EB /* CreateHobby-View.swift in Sources */ = {isa = PBXBuildFile; fileRef = 0B2217072C63DF6A00AEB3EB /* CreateHobby-View.swift */; };
		0B22170A2C63E0CC00AEB3EB /* Home-ViewModel.swift in Sources */ = {isa = PBXBuildFile; fileRef = 0B2217092C63E0CC00AEB3EB /* Home-ViewModel.swift */; };
		0B22170D2C63E28F00AEB3EB /* CreateHobbyViewModel.swift in Sources */ = {isa = PBXBuildFile; fileRef = 0B22170C2C63E28F00AEB3EB /* CreateHobbyViewModel.swift */; };
		0B2217122C63E84F00AEB3EB /* HobbyRow-View.swift in Sources */ = {isa = PBXBuildFile; fileRef = 0B2217112C63E84F00AEB3EB /* HobbyRow-View.swift */; };
		0B6A8FFF2C675EB700840C06 /* DayHobbyRow-View.swift in Sources */ = {isa = PBXBuildFile; fileRef = 0B6A8FFE2C675EB700840C06 /* DayHobbyRow-View.swift */; };
		0B6A90012C67681E00840C06 /* MonthStatisticRow-View.swift in Sources */ = {isa = PBXBuildFile; fileRef = 0B6A90002C67681E00840C06 /* MonthStatisticRow-View.swift */; };
		0B6A90032C6769DF00840C06 /* PeriodStateViewModel.swift in Sources */ = {isa = PBXBuildFile; fileRef = 0B6A90022C6769DF00840C06 /* PeriodStateViewModel.swift */; };
		0B8F09E12C68C89B00EF7423 /* EmptyMonthStatistic-View.swift in Sources */ = {isa = PBXBuildFile; fileRef = 0B8F09E02C68C89B00EF7423 /* EmptyMonthStatistic-View.swift */; };
		0BA115762C65DFAA00D12826 /* AppDelegate.swift in Sources */ = {isa = PBXBuildFile; fileRef = 0BA115752C65DFAA00D12826 /* AppDelegate.swift */; };
		0BA115782C663B6F00D12826 /* MonthStatistic-View.swift in Sources */ = {isa = PBXBuildFile; fileRef = 0BA115772C663B6F00D12826 /* MonthStatistic-View.swift */; };
		0BA1157B2C663C0400D12826 /* Date+.swift in Sources */ = {isa = PBXBuildFile; fileRef = 0BA1157A2C663C0400D12826 /* Date+.swift */; };
		0BA1157D2C663D0A00D12826 /* Period.swift in Sources */ = {isa = PBXBuildFile; fileRef = 0BA1157C2C663D0A00D12826 /* Period.swift */; };
		0BB8C3062C648F1B004D1D01 /* DetailHobby-View.swift in Sources */ = {isa = PBXBuildFile; fileRef = 0BB8C3052C648F1B004D1D01 /* DetailHobby-View.swift */; };
		0BB8C3082C6496FC004D1D01 /* History-View.swift in Sources */ = {isa = PBXBuildFile; fileRef = 0BB8C3072C6496FC004D1D01 /* History-View.swift */; };
		0BB8C30C2C64F648004D1D01 /* Month-View.swift in Sources */ = {isa = PBXBuildFile; fileRef = 0BB8C30B2C64F648004D1D01 /* Month-View.swift */; };
		0BB8C30E2C64F666004D1D01 /* Weak-View.swift in Sources */ = {isa = PBXBuildFile; fileRef = 0BB8C30D2C64F666004D1D01 /* Weak-View.swift */; };
		0BB8C3102C64F671004D1D01 /* Day-View.swift in Sources */ = {isa = PBXBuildFile; fileRef = 0BB8C30F2C64F671004D1D01 /* Day-View.swift */; };
		0BB8C3122C64F6C9004D1D01 /* DetailHistory-View.swift in Sources */ = {isa = PBXBuildFile; fileRef = 0BB8C3112C64F6C9004D1D01 /* DetailHistory-View.swift */; };
		0BB8C31C2C64FA24004D1D01 /* MonthPicker-View.swift in Sources */ = {isa = PBXBuildFile; fileRef = 0BB8C31B2C64FA24004D1D01 /* MonthPicker-View.swift */; };
		0BB8C3212C6500AD004D1D01 /* DateValue.swift in Sources */ = {isa = PBXBuildFile; fileRef = 0BB8C3202C6500AD004D1D01 /* DateValue.swift */; };
/* End PBXBuildFile section */

/* Begin PBXContainerItemProxy section */
		0B2216E72C63DCA200AEB3EB /* PBXContainerItemProxy */ = {
			isa = PBXContainerItemProxy;
			containerPortal = 0B2216C92C63DCA100AEB3EB /* Project object */;
			proxyType = 1;
			remoteGlobalIDString = 0B2216D02C63DCA100AEB3EB;
			remoteInfo = HobbyTarget;
		};
		0B2216F12C63DCA200AEB3EB /* PBXContainerItemProxy */ = {
			isa = PBXContainerItemProxy;
			containerPortal = 0B2216C92C63DCA100AEB3EB /* Project object */;
			proxyType = 1;
			remoteGlobalIDString = 0B2216D02C63DCA100AEB3EB;
			remoteInfo = HobbyTarget;
		};
/* End PBXContainerItemProxy section */

/* Begin PBXFileReference section */
		0B2216D12C63DCA100AEB3EB /* HobbyTarget.app */ = {isa = PBXFileReference; explicitFileType = wrapper.application; includeInIndex = 0; path = HobbyTarget.app; sourceTree = BUILT_PRODUCTS_DIR; };
		0B2216D42C63DCA100AEB3EB /* HobbyTargetApp.swift */ = {isa = PBXFileReference; lastKnownFileType = sourcecode.swift; path = HobbyTargetApp.swift; sourceTree = "<group>"; };
		0B2216D62C63DCA100AEB3EB /* Home-View.swift */ = {isa = PBXFileReference; lastKnownFileType = sourcecode.swift; path = "Home-View.swift"; sourceTree = "<group>"; };
		0B2216D82C63DCA200AEB3EB /* Assets.xcassets */ = {isa = PBXFileReference; lastKnownFileType = folder.assetcatalog; path = Assets.xcassets; sourceTree = "<group>"; };
		0B2216DB2C63DCA200AEB3EB /* Preview Assets.xcassets */ = {isa = PBXFileReference; lastKnownFileType = folder.assetcatalog; path = "Preview Assets.xcassets"; sourceTree = "<group>"; };
		0B2216DD2C63DCA200AEB3EB /* Persistence.swift */ = {isa = PBXFileReference; lastKnownFileType = sourcecode.swift; path = Persistence.swift; sourceTree = "<group>"; };
		0B2216E02C63DCA200AEB3EB /* HobbyTarget.xcdatamodel */ = {isa = PBXFileReference; lastKnownFileType = wrapper.xcdatamodel; path = HobbyTarget.xcdatamodel; sourceTree = "<group>"; };
		0B2216E62C63DCA200AEB3EB /* HobbyTargetTests.xctest */ = {isa = PBXFileReference; explicitFileType = wrapper.cfbundle; includeInIndex = 0; path = HobbyTargetTests.xctest; sourceTree = BUILT_PRODUCTS_DIR; };
		0B2216EA2C63DCA200AEB3EB /* HobbyTargetTests.swift */ = {isa = PBXFileReference; lastKnownFileType = sourcecode.swift; path = HobbyTargetTests.swift; sourceTree = "<group>"; };
		0B2216F02C63DCA200AEB3EB /* HobbyTargetUITests.xctest */ = {isa = PBXFileReference; explicitFileType = wrapper.cfbundle; includeInIndex = 0; path = HobbyTargetUITests.xctest; sourceTree = BUILT_PRODUCTS_DIR; };
		0B2216F42C63DCA200AEB3EB /* HobbyTargetUITests.swift */ = {isa = PBXFileReference; lastKnownFileType = sourcecode.swift; path = HobbyTargetUITests.swift; sourceTree = "<group>"; };
		0B2216F62C63DCA200AEB3EB /* HobbyTargetUITestsLaunchTests.swift */ = {isa = PBXFileReference; lastKnownFileType = sourcecode.swift; path = HobbyTargetUITestsLaunchTests.swift; sourceTree = "<group>"; };
		0B2217072C63DF6A00AEB3EB /* CreateHobby-View.swift */ = {isa = PBXFileReference; lastKnownFileType = sourcecode.swift; path = "CreateHobby-View.swift"; sourceTree = "<group>"; };
		0B2217092C63E0CC00AEB3EB /* Home-ViewModel.swift */ = {isa = PBXFileReference; lastKnownFileType = sourcecode.swift; path = "Home-ViewModel.swift"; sourceTree = "<group>"; };
		0B22170C2C63E28F00AEB3EB /* CreateHobbyViewModel.swift */ = {isa = PBXFileReference; lastKnownFileType = sourcecode.swift; path = CreateHobbyViewModel.swift; sourceTree = "<group>"; };
		0B2217112C63E84F00AEB3EB /* HobbyRow-View.swift */ = {isa = PBXFileReference; lastKnownFileType = sourcecode.swift; path = "HobbyRow-View.swift"; sourceTree = "<group>"; };
		0B6A8FFE2C675EB700840C06 /* DayHobbyRow-View.swift */ = {isa = PBXFileReference; lastKnownFileType = sourcecode.swift; path = "DayHobbyRow-View.swift"; sourceTree = "<group>"; };
		0B6A90002C67681E00840C06 /* MonthStatisticRow-View.swift */ = {isa = PBXFileReference; lastKnownFileType = sourcecode.swift; path = "MonthStatisticRow-View.swift"; sourceTree = "<group>"; };
		0B6A90022C6769DF00840C06 /* PeriodStateViewModel.swift */ = {isa = PBXFileReference; lastKnownFileType = sourcecode.swift; path = PeriodStateViewModel.swift; sourceTree = "<group>"; };
		0B8F09E02C68C89B00EF7423 /* EmptyMonthStatistic-View.swift */ = {isa = PBXFileReference; lastKnownFileType = sourcecode.swift; path = "EmptyMonthStatistic-View.swift"; sourceTree = "<group>"; };
		0BA115752C65DFAA00D12826 /* AppDelegate.swift */ = {isa = PBXFileReference; lastKnownFileType = sourcecode.swift; path = AppDelegate.swift; sourceTree = "<group>"; };
		0BA115772C663B6F00D12826 /* MonthStatistic-View.swift */ = {isa = PBXFileReference; lastKnownFileType = sourcecode.swift; path = "MonthStatistic-View.swift"; sourceTree = "<group>"; };
		0BA1157A2C663C0400D12826 /* Date+.swift */ = {isa = PBXFileReference; lastKnownFileType = sourcecode.swift; path = "Date+.swift"; sourceTree = "<group>"; };
		0BA1157C2C663D0A00D12826 /* Period.swift */ = {isa = PBXFileReference; lastKnownFileType = sourcecode.swift; path = Period.swift; sourceTree = "<group>"; };
		0BB8C3052C648F1B004D1D01 /* DetailHobby-View.swift */ = {isa = PBXFileReference; lastKnownFileType = sourcecode.swift; path = "DetailHobby-View.swift"; sourceTree = "<group>"; };
		0BB8C3072C6496FC004D1D01 /* History-View.swift */ = {isa = PBXFileReference; lastKnownFileType = sourcecode.swift; path = "History-View.swift"; sourceTree = "<group>"; };
		0BB8C30B2C64F648004D1D01 /* Month-View.swift */ = {isa = PBXFileReference; lastKnownFileType = sourcecode.swift; path = "Month-View.swift"; sourceTree = "<group>"; };
		0BB8C30D2C64F666004D1D01 /* Weak-View.swift */ = {isa = PBXFileReference; lastKnownFileType = sourcecode.swift; path = "Weak-View.swift"; sourceTree = "<group>"; };
		0BB8C30F2C64F671004D1D01 /* Day-View.swift */ = {isa = PBXFileReference; lastKnownFileType = sourcecode.swift; path = "Day-View.swift"; sourceTree = "<group>"; };
		0BB8C3112C64F6C9004D1D01 /* DetailHistory-View.swift */ = {isa = PBXFileReference; lastKnownFileType = sourcecode.swift; path = "DetailHistory-View.swift"; sourceTree = "<group>"; };
		0BB8C31B2C64FA24004D1D01 /* MonthPicker-View.swift */ = {isa = PBXFileReference; lastKnownFileType = sourcecode.swift; path = "MonthPicker-View.swift"; sourceTree = "<group>"; };
		0BB8C3202C6500AD004D1D01 /* DateValue.swift */ = {isa = PBXFileReference; lastKnownFileType = sourcecode.swift; path = DateValue.swift; sourceTree = "<group>"; };
/* End PBXFileReference section */

/* Begin PBXFrameworksBuildPhase section */
		0B2216CE2C63DCA100AEB3EB /* Frameworks */ = {
			isa = PBXFrameworksBuildPhase;
			buildActionMask = 2147483647;
			files = (
			);
			runOnlyForDeploymentPostprocessing = 0;
		};
		0B2216E32C63DCA200AEB3EB /* Frameworks */ = {
			isa = PBXFrameworksBuildPhase;
			buildActionMask = 2147483647;
			files = (
			);
			runOnlyForDeploymentPostprocessing = 0;
		};
		0B2216ED2C63DCA200AEB3EB /* Frameworks */ = {
			isa = PBXFrameworksBuildPhase;
			buildActionMask = 2147483647;
			files = (
			);
			runOnlyForDeploymentPostprocessing = 0;
		};
/* End PBXFrameworksBuildPhase section */

/* Begin PBXGroup section */
		0B2216C82C63DCA100AEB3EB = {
			isa = PBXGroup;
			children = (
				0B2216D32C63DCA100AEB3EB /* HobbyTarget */,
				0B2216E92C63DCA200AEB3EB /* HobbyTargetTests */,
				0B2216F32C63DCA200AEB3EB /* HobbyTargetUITests */,
				0B2216D22C63DCA100AEB3EB /* Products */,
			);
			sourceTree = "<group>";
		};
		0B2216D22C63DCA100AEB3EB /* Products */ = {
			isa = PBXGroup;
			children = (
				0B2216D12C63DCA100AEB3EB /* HobbyTarget.app */,
				0B2216E62C63DCA200AEB3EB /* HobbyTargetTests.xctest */,
				0B2216F02C63DCA200AEB3EB /* HobbyTargetUITests.xctest */,
			);
			name = Products;
			sourceTree = "<group>";
		};
		0B2216D32C63DCA100AEB3EB /* HobbyTarget */ = {
			isa = PBXGroup;
			children = (
				0B2217042C63DE1E00AEB3EB /* App */,
				0BA115792C663BE600D12826 /* Extension */,
				0B2217032C63DE1500AEB3EB /* View */,
				0B2217052C63DE4C00AEB3EB /* Model */,
				0B2217062C63DE5C00AEB3EB /* ViewModel */,
				0B2216DA2C63DCA200AEB3EB /* Preview Content */,
			);
			path = HobbyTarget;
			sourceTree = "<group>";
		};
		0B2216DA2C63DCA200AEB3EB /* Preview Content */ = {
			isa = PBXGroup;
			children = (
				0B2216DB2C63DCA200AEB3EB /* Preview Assets.xcassets */,
			);
			path = "Preview Content";
			sourceTree = "<group>";
		};
		0B2216E92C63DCA200AEB3EB /* HobbyTargetTests */ = {
			isa = PBXGroup;
			children = (
				0B2216EA2C63DCA200AEB3EB /* HobbyTargetTests.swift */,
			);
			path = HobbyTargetTests;
			sourceTree = "<group>";
		};
		0B2216F32C63DCA200AEB3EB /* HobbyTargetUITests */ = {
			isa = PBXGroup;
			children = (
				0B2216F42C63DCA200AEB3EB /* HobbyTargetUITests.swift */,
				0B2216F62C63DCA200AEB3EB /* HobbyTargetUITestsLaunchTests.swift */,
			);
			path = HobbyTargetUITests;
			sourceTree = "<group>";
		};
		0B2217032C63DE1500AEB3EB /* View */ = {
			isa = PBXGroup;
			children = (
				0B22170B2C63E23100AEB3EB /* Home */,
				0BB8C3092C649703004D1D01 /* History */,
			);
			path = View;
			sourceTree = "<group>";
		};
		0B2217042C63DE1E00AEB3EB /* App */ = {
			isa = PBXGroup;
			children = (
				0B2216D82C63DCA200AEB3EB /* Assets.xcassets */,
				0B2216D42C63DCA100AEB3EB /* HobbyTargetApp.swift */,
				0BA115752C65DFAA00D12826 /* AppDelegate.swift */,
			);
			path = App;
			sourceTree = "<group>";
		};
		0B2217052C63DE4C00AEB3EB /* Model */ = {
			isa = PBXGroup;
			children = (
				0BA115732C65D14300D12826 /* Month */,
				0BB8C3222C650125004D1D01 /* Core Data */,
			);
			path = Model;
			sourceTree = "<group>";
		};
		0B2217062C63DE5C00AEB3EB /* ViewModel */ = {
			isa = PBXGroup;
			children = (
				0B6A90042C6769E500840C06 /* Period */,
				0B22170E2C63E29400AEB3EB /* Home */,
				0B2217102C63E2AC00AEB3EB /* Hobby */,
			);
			path = ViewModel;
			sourceTree = "<group>";
		};
		0B22170B2C63E23100AEB3EB /* Home */ = {
			isa = PBXGroup;
			children = (
				0B2216D62C63DCA100AEB3EB /* Home-View.swift */,
				0B22170F2C63E29E00AEB3EB /* Hobby */,
			);
			path = Home;
			sourceTree = "<group>";
		};
		0B22170E2C63E29400AEB3EB /* Home */ = {
			isa = PBXGroup;
			children = (
				0B2217092C63E0CC00AEB3EB /* Home-ViewModel.swift */,
			);
			path = Home;
			sourceTree = "<group>";
		};
		0B22170F2C63E29E00AEB3EB /* Hobby */ = {
			isa = PBXGroup;
			children = (
				0B2217112C63E84F00AEB3EB /* HobbyRow-View.swift */,
				0B2217072C63DF6A00AEB3EB /* CreateHobby-View.swift */,
				0BB8C3052C648F1B004D1D01 /* DetailHobby-View.swift */,
			);
			path = Hobby;
			sourceTree = "<group>";
		};
		0B2217102C63E2AC00AEB3EB /* Hobby */ = {
			isa = PBXGroup;
			children = (
				0B22170C2C63E28F00AEB3EB /* CreateHobbyViewModel.swift */,
			);
			path = Hobby;
			sourceTree = "<group>";
		};
		0B6A90042C6769E500840C06 /* Period */ = {
			isa = PBXGroup;
			children = (
				0B6A90022C6769DF00840C06 /* PeriodStateViewModel.swift */,
			);
			path = Period;
			sourceTree = "<group>";
		};
		0B6A90052C676E8E00840C06 /* State */ = {
			isa = PBXGroup;
			children = (
				0BA115772C663B6F00D12826 /* MonthStatistic-View.swift */,
				0B6A90002C67681E00840C06 /* MonthStatisticRow-View.swift */,
			);
			path = State;
			sourceTree = "<group>";
		};
		0BA115732C65D14300D12826 /* Month */ = {
			isa = PBXGroup;
			children = (
				0BB8C3232C650130004D1D01 /* Date */,
			);
			path = Month;
			sourceTree = "<group>";
		};
		0BA115792C663BE600D12826 /* Extension */ = {
			isa = PBXGroup;
			children = (
				0BA1157A2C663C0400D12826 /* Date+.swift */,
			);
			path = Extension;
			sourceTree = "<group>";
		};
		0BB8C3092C649703004D1D01 /* History */ = {
			isa = PBXGroup;
			children = (
				0BB8C3072C6496FC004D1D01 /* History-View.swift */,
				0BB8C3132C64F6D6004D1D01 /* Detail */,
				0BB8C30A2C64F631004D1D01 /* Period */,
			);
			path = History;
			sourceTree = "<group>";
		};
		0BB8C30A2C64F631004D1D01 /* Period */ = {
			isa = PBXGroup;
			children = (
				0BA1157C2C663D0A00D12826 /* Period.swift */,
				0BB8C3172C64F894004D1D01 /* Month */,
				0BB8C3182C64F89E004D1D01 /* Weak */,
				0BB8C3192C64F8A8004D1D01 /* Day */,
			);
			path = Period;
			sourceTree = "<group>";
		};
		0BB8C3132C64F6D6004D1D01 /* Detail */ = {
			isa = PBXGroup;
			children = (
				0BB8C3112C64F6C9004D1D01 /* DetailHistory-View.swift */,
			);
			path = Detail;
			sourceTree = "<group>";
		};
		0BB8C3172C64F894004D1D01 /* Month */ = {
			isa = PBXGroup;
			children = (
				0BB8C30B2C64F648004D1D01 /* Month-View.swift */,
				0BB8C31B2C64FA24004D1D01 /* MonthPicker-View.swift */,
				0B8F09E02C68C89B00EF7423 /* EmptyMonthStatistic-View.swift */,
				0B6A90052C676E8E00840C06 /* State */,
			);
			path = Month;
			sourceTree = "<group>";
		};
		0BB8C3182C64F89E004D1D01 /* Weak */ = {
			isa = PBXGroup;
			children = (
				0BB8C30D2C64F666004D1D01 /* Weak-View.swift */,
			);
			path = Weak;
			sourceTree = "<group>";
		};
		0BB8C3192C64F8A8004D1D01 /* Day */ = {
			isa = PBXGroup;
			children = (
				0BB8C30F2C64F671004D1D01 /* Day-View.swift */,
				0B6A8FFE2C675EB700840C06 /* DayHobbyRow-View.swift */,
			);
			path = Day;
			sourceTree = "<group>";
		};
		0BB8C3222C650125004D1D01 /* Core Data */ = {
			isa = PBXGroup;
			children = (
				0B2216DD2C63DCA200AEB3EB /* Persistence.swift */,
				0B2216DF2C63DCA200AEB3EB /* HobbyTarget.xcdatamodeld */,
			);
			path = "Core Data";
			sourceTree = "<group>";
		};
		0BB8C3232C650130004D1D01 /* Date */ = {
			isa = PBXGroup;
			children = (
				0BB8C3202C6500AD004D1D01 /* DateValue.swift */,
			);
			path = Date;
			sourceTree = "<group>";
		};
/* End PBXGroup section */

/* Begin PBXNativeTarget section */
		0B2216D02C63DCA100AEB3EB /* HobbyTarget */ = {
			isa = PBXNativeTarget;
			buildConfigurationList = 0B2216FA2C63DCA200AEB3EB /* Build configuration list for PBXNativeTarget "HobbyTarget" */;
			buildPhases = (
				0B2216CD2C63DCA100AEB3EB /* Sources */,
				0B2216CE2C63DCA100AEB3EB /* Frameworks */,
				0B2216CF2C63DCA100AEB3EB /* Resources */,
			);
			buildRules = (
			);
			dependencies = (
			);
			name = HobbyTarget;
			productName = HobbyTarget;
			productReference = 0B2216D12C63DCA100AEB3EB /* HobbyTarget.app */;
			productType = "com.apple.product-type.application";
		};
		0B2216E52C63DCA200AEB3EB /* HobbyTargetTests */ = {
			isa = PBXNativeTarget;
			buildConfigurationList = 0B2216FD2C63DCA200AEB3EB /* Build configuration list for PBXNativeTarget "HobbyTargetTests" */;
			buildPhases = (
				0B2216E22C63DCA200AEB3EB /* Sources */,
				0B2216E32C63DCA200AEB3EB /* Frameworks */,
				0B2216E42C63DCA200AEB3EB /* Resources */,
			);
			buildRules = (
			);
			dependencies = (
				0B2216E82C63DCA200AEB3EB /* PBXTargetDependency */,
			);
			name = HobbyTargetTests;
			productName = HobbyTargetTests;
			productReference = 0B2216E62C63DCA200AEB3EB /* HobbyTargetTests.xctest */;
			productType = "com.apple.product-type.bundle.unit-test";
		};
		0B2216EF2C63DCA200AEB3EB /* HobbyTargetUITests */ = {
			isa = PBXNativeTarget;
			buildConfigurationList = 0B2217002C63DCA200AEB3EB /* Build configuration list for PBXNativeTarget "HobbyTargetUITests" */;
			buildPhases = (
				0B2216EC2C63DCA200AEB3EB /* Sources */,
				0B2216ED2C63DCA200AEB3EB /* Frameworks */,
				0B2216EE2C63DCA200AEB3EB /* Resources */,
			);
			buildRules = (
			);
			dependencies = (
				0B2216F22C63DCA200AEB3EB /* PBXTargetDependency */,
			);
			name = HobbyTargetUITests;
			productName = HobbyTargetUITests;
			productReference = 0B2216F02C63DCA200AEB3EB /* HobbyTargetUITests.xctest */;
			productType = "com.apple.product-type.bundle.ui-testing";
		};
/* End PBXNativeTarget section */

/* Begin PBXProject section */
		0B2216C92C63DCA100AEB3EB /* Project object */ = {
			isa = PBXProject;
			attributes = {
				BuildIndependentTargetsInParallel = 1;
				LastSwiftUpdateCheck = 1540;
				LastUpgradeCheck = 1540;
				TargetAttributes = {
					0B2216D02C63DCA100AEB3EB = {
						CreatedOnToolsVersion = 15.4;
					};
					0B2216E52C63DCA200AEB3EB = {
						CreatedOnToolsVersion = 15.4;
						TestTargetID = 0B2216D02C63DCA100AEB3EB;
					};
					0B2216EF2C63DCA200AEB3EB = {
						CreatedOnToolsVersion = 15.4;
						TestTargetID = 0B2216D02C63DCA100AEB3EB;
					};
				};
			};
			buildConfigurationList = 0B2216CC2C63DCA100AEB3EB /* Build configuration list for PBXProject "HobbyTarget" */;
			compatibilityVersion = "Xcode 14.0";
			developmentRegion = en;
			hasScannedForEncodings = 0;
			knownRegions = (
				en,
				Base,
			);
			mainGroup = 0B2216C82C63DCA100AEB3EB;
			productRefGroup = 0B2216D22C63DCA100AEB3EB /* Products */;
			projectDirPath = "";
			projectRoot = "";
			targets = (
				0B2216D02C63DCA100AEB3EB /* HobbyTarget */,
				0B2216E52C63DCA200AEB3EB /* HobbyTargetTests */,
				0B2216EF2C63DCA200AEB3EB /* HobbyTargetUITests */,
			);
		};
/* End PBXProject section */

/* Begin PBXResourcesBuildPhase section */
		0B2216CF2C63DCA100AEB3EB /* Resources */ = {
			isa = PBXResourcesBuildPhase;
			buildActionMask = 2147483647;
			files = (
				0B2216DC2C63DCA200AEB3EB /* Preview Assets.xcassets in Resources */,
				0B2216D92C63DCA200AEB3EB /* Assets.xcassets in Resources */,
			);
			runOnlyForDeploymentPostprocessing = 0;
		};
		0B2216E42C63DCA200AEB3EB /* Resources */ = {
			isa = PBXResourcesBuildPhase;
			buildActionMask = 2147483647;
			files = (
			);
			runOnlyForDeploymentPostprocessing = 0;
		};
		0B2216EE2C63DCA200AEB3EB /* Resources */ = {
			isa = PBXResourcesBuildPhase;
			buildActionMask = 2147483647;
			files = (
			);
			runOnlyForDeploymentPostprocessing = 0;
		};
/* End PBXResourcesBuildPhase section */

/* Begin PBXSourcesBuildPhase section */
		0B2216CD2C63DCA100AEB3EB /* Sources */ = {
			isa = PBXSourcesBuildPhase;
			buildActionMask = 2147483647;
			files = (
				0B8F09E12C68C89B00EF7423 /* EmptyMonthStatistic-View.swift in Sources */,
				0BB8C31C2C64FA24004D1D01 /* MonthPicker-View.swift in Sources */,
				0BB8C30C2C64F648004D1D01 /* Month-View.swift in Sources */,
				0B2216DE2C63DCA200AEB3EB /* Persistence.swift in Sources */,
				0B6A90012C67681E00840C06 /* MonthStatisticRow-View.swift in Sources */,
				0BB8C3102C64F671004D1D01 /* Day-View.swift in Sources */,
				0BB8C3062C648F1B004D1D01 /* DetailHobby-View.swift in Sources */,
				0B22170A2C63E0CC00AEB3EB /* Home-ViewModel.swift in Sources */,
				0BB8C30E2C64F666004D1D01 /* Weak-View.swift in Sources */,
				0BA1157B2C663C0400D12826 /* Date+.swift in Sources */,
				0BB8C3122C64F6C9004D1D01 /* DetailHistory-View.swift in Sources */,
				0B2217082C63DF6A00AEB3EB /* CreateHobby-View.swift in Sources */,
				0B6A90032C6769DF00840C06 /* PeriodStateViewModel.swift in Sources */,
				0B6A8FFF2C675EB700840C06 /* DayHobbyRow-View.swift in Sources */,
				0BA1157D2C663D0A00D12826 /* Period.swift in Sources */,
				0BA115762C65DFAA00D12826 /* AppDelegate.swift in Sources */,
				0B22170D2C63E28F00AEB3EB /* CreateHobbyViewModel.swift in Sources */,
				0BA115782C663B6F00D12826 /* MonthStatistic-View.swift in Sources */,
				0B2216D72C63DCA100AEB3EB /* Home-View.swift in Sources */,
				0B2217122C63E84F00AEB3EB /* HobbyRow-View.swift in Sources */,
				0BB8C3082C6496FC004D1D01 /* History-View.swift in Sources */,
				0BB8C3212C6500AD004D1D01 /* DateValue.swift in Sources */,
				0B2216D52C63DCA100AEB3EB /* HobbyTargetApp.swift in Sources */,
				0B2216E12C63DCA200AEB3EB /* HobbyTarget.xcdatamodeld in Sources */,
			);
			runOnlyForDeploymentPostprocessing = 0;
		};
		0B2216E22C63DCA200AEB3EB /* Sources */ = {
			isa = PBXSourcesBuildPhase;
			buildActionMask = 2147483647;
			files = (
				0B2216EB2C63DCA200AEB3EB /* HobbyTargetTests.swift in Sources */,
			);
			runOnlyForDeploymentPostprocessing = 0;
		};
		0B2216EC2C63DCA200AEB3EB /* Sources */ = {
			isa = PBXSourcesBuildPhase;
			buildActionMask = 2147483647;
			files = (
				0B2216F72C63DCA200AEB3EB /* HobbyTargetUITestsLaunchTests.swift in Sources */,
				0B2216F52C63DCA200AEB3EB /* HobbyTargetUITests.swift in Sources */,
			);
			runOnlyForDeploymentPostprocessing = 0;
		};
/* End PBXSourcesBuildPhase section */

/* Begin PBXTargetDependency section */
		0B2216E82C63DCA200AEB3EB /* PBXTargetDependency */ = {
			isa = PBXTargetDependency;
			target = 0B2216D02C63DCA100AEB3EB /* HobbyTarget */;
			targetProxy = 0B2216E72C63DCA200AEB3EB /* PBXContainerItemProxy */;
		};
		0B2216F22C63DCA200AEB3EB /* PBXTargetDependency */ = {
			isa = PBXTargetDependency;
			target = 0B2216D02C63DCA100AEB3EB /* HobbyTarget */;
			targetProxy = 0B2216F12C63DCA200AEB3EB /* PBXContainerItemProxy */;
		};
/* End PBXTargetDependency section */

/* Begin XCBuildConfiguration section */
		0B2216F82C63DCA200AEB3EB /* Debug */ = {
			isa = XCBuildConfiguration;
			buildSettings = {
				ALWAYS_SEARCH_USER_PATHS = NO;
				ASSETCATALOG_COMPILER_GENERATE_SWIFT_ASSET_SYMBOL_EXTENSIONS = YES;
				CLANG_ANALYZER_NONNULL = YES;
				CLANG_ANALYZER_NUMBER_OBJECT_CONVERSION = YES_AGGRESSIVE;
				CLANG_CXX_LANGUAGE_STANDARD = "gnu++20";
				CLANG_ENABLE_MODULES = YES;
				CLANG_ENABLE_OBJC_ARC = YES;
				CLANG_ENABLE_OBJC_WEAK = YES;
				CLANG_WARN_BLOCK_CAPTURE_AUTORELEASING = YES;
				CLANG_WARN_BOOL_CONVERSION = YES;
				CLANG_WARN_COMMA = YES;
				CLANG_WARN_CONSTANT_CONVERSION = YES;
				CLANG_WARN_DEPRECATED_OBJC_IMPLEMENTATIONS = YES;
				CLANG_WARN_DIRECT_OBJC_ISA_USAGE = YES_ERROR;
				CLANG_WARN_DOCUMENTATION_COMMENTS = YES;
				CLANG_WARN_EMPTY_BODY = YES;
				CLANG_WARN_ENUM_CONVERSION = YES;
				CLANG_WARN_INFINITE_RECURSION = YES;
				CLANG_WARN_INT_CONVERSION = YES;
				CLANG_WARN_NON_LITERAL_NULL_CONVERSION = YES;
				CLANG_WARN_OBJC_IMPLICIT_RETAIN_SELF = YES;
				CLANG_WARN_OBJC_LITERAL_CONVERSION = YES;
				CLANG_WARN_OBJC_ROOT_CLASS = YES_ERROR;
				CLANG_WARN_QUOTED_INCLUDE_IN_FRAMEWORK_HEADER = YES;
				CLANG_WARN_RANGE_LOOP_ANALYSIS = YES;
				CLANG_WARN_STRICT_PROTOTYPES = YES;
				CLANG_WARN_SUSPICIOUS_MOVE = YES;
				CLANG_WARN_UNGUARDED_AVAILABILITY = YES_AGGRESSIVE;
				CLANG_WARN_UNREACHABLE_CODE = YES;
				CLANG_WARN__DUPLICATE_METHOD_MATCH = YES;
				COPY_PHASE_STRIP = NO;
				DEBUG_INFORMATION_FORMAT = dwarf;
				ENABLE_STRICT_OBJC_MSGSEND = YES;
				ENABLE_TESTABILITY = YES;
				ENABLE_USER_SCRIPT_SANDBOXING = YES;
				GCC_C_LANGUAGE_STANDARD = gnu17;
				GCC_DYNAMIC_NO_PIC = NO;
				GCC_NO_COMMON_BLOCKS = YES;
				GCC_OPTIMIZATION_LEVEL = 0;
				GCC_PREPROCESSOR_DEFINITIONS = (
					"DEBUG=1",
					"$(inherited)",
				);
				GCC_WARN_64_TO_32_BIT_CONVERSION = YES;
				GCC_WARN_ABOUT_RETURN_TYPE = YES_ERROR;
				GCC_WARN_UNDECLARED_SELECTOR = YES;
				GCC_WARN_UNINITIALIZED_AUTOS = YES_AGGRESSIVE;
				GCC_WARN_UNUSED_FUNCTION = YES;
				GCC_WARN_UNUSED_VARIABLE = YES;
				IPHONEOS_DEPLOYMENT_TARGET = 17.5;
				LOCALIZATION_PREFERS_STRING_CATALOGS = YES;
				MTL_ENABLE_DEBUG_INFO = INCLUDE_SOURCE;
				MTL_FAST_MATH = YES;
				ONLY_ACTIVE_ARCH = YES;
				SDKROOT = iphoneos;
				SWIFT_ACTIVE_COMPILATION_CONDITIONS = "DEBUG $(inherited)";
				SWIFT_OPTIMIZATION_LEVEL = "-Onone";
			};
			name = Debug;
		};
		0B2216F92C63DCA200AEB3EB /* Release */ = {
			isa = XCBuildConfiguration;
			buildSettings = {
				ALWAYS_SEARCH_USER_PATHS = NO;
				ASSETCATALOG_COMPILER_GENERATE_SWIFT_ASSET_SYMBOL_EXTENSIONS = YES;
				CLANG_ANALYZER_NONNULL = YES;
				CLANG_ANALYZER_NUMBER_OBJECT_CONVERSION = YES_AGGRESSIVE;
				CLANG_CXX_LANGUAGE_STANDARD = "gnu++20";
				CLANG_ENABLE_MODULES = YES;
				CLANG_ENABLE_OBJC_ARC = YES;
				CLANG_ENABLE_OBJC_WEAK = YES;
				CLANG_WARN_BLOCK_CAPTURE_AUTORELEASING = YES;
				CLANG_WARN_BOOL_CONVERSION = YES;
				CLANG_WARN_COMMA = YES;
				CLANG_WARN_CONSTANT_CONVERSION = YES;
				CLANG_WARN_DEPRECATED_OBJC_IMPLEMENTATIONS = YES;
				CLANG_WARN_DIRECT_OBJC_ISA_USAGE = YES_ERROR;
				CLANG_WARN_DOCUMENTATION_COMMENTS = YES;
				CLANG_WARN_EMPTY_BODY = YES;
				CLANG_WARN_ENUM_CONVERSION = YES;
				CLANG_WARN_INFINITE_RECURSION = YES;
				CLANG_WARN_INT_CONVERSION = YES;
				CLANG_WARN_NON_LITERAL_NULL_CONVERSION = YES;
				CLANG_WARN_OBJC_IMPLICIT_RETAIN_SELF = YES;
				CLANG_WARN_OBJC_LITERAL_CONVERSION = YES;
				CLANG_WARN_OBJC_ROOT_CLASS = YES_ERROR;
				CLANG_WARN_QUOTED_INCLUDE_IN_FRAMEWORK_HEADER = YES;
				CLANG_WARN_RANGE_LOOP_ANALYSIS = YES;
				CLANG_WARN_STRICT_PROTOTYPES = YES;
				CLANG_WARN_SUSPICIOUS_MOVE = YES;
				CLANG_WARN_UNGUARDED_AVAILABILITY = YES_AGGRESSIVE;
				CLANG_WARN_UNREACHABLE_CODE = YES;
				CLANG_WARN__DUPLICATE_METHOD_MATCH = YES;
				COPY_PHASE_STRIP = NO;
				DEBUG_INFORMATION_FORMAT = "dwarf-with-dsym";
				ENABLE_NS_ASSERTIONS = NO;
				ENABLE_STRICT_OBJC_MSGSEND = YES;
				ENABLE_USER_SCRIPT_SANDBOXING = YES;
				GCC_C_LANGUAGE_STANDARD = gnu17;
				GCC_NO_COMMON_BLOCKS = YES;
				GCC_WARN_64_TO_32_BIT_CONVERSION = YES;
				GCC_WARN_ABOUT_RETURN_TYPE = YES_ERROR;
				GCC_WARN_UNDECLARED_SELECTOR = YES;
				GCC_WARN_UNINITIALIZED_AUTOS = YES_AGGRESSIVE;
				GCC_WARN_UNUSED_FUNCTION = YES;
				GCC_WARN_UNUSED_VARIABLE = YES;
				IPHONEOS_DEPLOYMENT_TARGET = 17.5;
				LOCALIZATION_PREFERS_STRING_CATALOGS = YES;
				MTL_ENABLE_DEBUG_INFO = NO;
				MTL_FAST_MATH = YES;
				SDKROOT = iphoneos;
				SWIFT_COMPILATION_MODE = wholemodule;
				VALIDATE_PRODUCT = YES;
			};
			name = Release;
		};
		0B2216FB2C63DCA200AEB3EB /* Debug */ = {
			isa = XCBuildConfiguration;
			buildSettings = {
				ASSETCATALOG_COMPILER_APPICON_NAME = AppIcon;
				ASSETCATALOG_COMPILER_GLOBAL_ACCENT_COLOR_NAME = AccentColor;
				CODE_SIGN_STYLE = Automatic;
				CURRENT_PROJECT_VERSION = 1;
				DEVELOPMENT_ASSET_PATHS = "\"HobbyTarget/Preview Content\"";
				DEVELOPMENT_TEAM = BC36S54BFF;
				ENABLE_PREVIEWS = YES;
				GENERATE_INFOPLIST_FILE = YES;
				INFOPLIST_KEY_UIApplicationSceneManifest_Generation = YES;
				INFOPLIST_KEY_UIApplicationSupportsIndirectInputEvents = YES;
				INFOPLIST_KEY_UILaunchScreen_Generation = YES;
				INFOPLIST_KEY_UISupportedInterfaceOrientations_iPad = "UIInterfaceOrientationPortrait UIInterfaceOrientationPortraitUpsideDown UIInterfaceOrientationLandscapeLeft UIInterfaceOrientationLandscapeRight";
				INFOPLIST_KEY_UISupportedInterfaceOrientations_iPhone = "UIInterfaceOrientationPortrait UIInterfaceOrientationLandscapeLeft UIInterfaceOrientationLandscapeRight";
				IPHONEOS_DEPLOYMENT_TARGET = 17.0;
				LD_RUNPATH_SEARCH_PATHS = (
					"$(inherited)",
					"@executable_path/Frameworks",
				);
				MARKETING_VERSION = 1.0;
				PRODUCT_BUNDLE_IDENTIFIER = "Lev-Vlasov.HobbyTarget";
				PRODUCT_NAME = "$(TARGET_NAME)";
				SWIFT_EMIT_LOC_STRINGS = YES;
				SWIFT_VERSION = 5.0;
				TARGETED_DEVICE_FAMILY = "1,2";
			};
			name = Debug;
		};
		0B2216FC2C63DCA200AEB3EB /* Release */ = {
			isa = XCBuildConfiguration;
			buildSettings = {
				ASSETCATALOG_COMPILER_APPICON_NAME = AppIcon;
				ASSETCATALOG_COMPILER_GLOBAL_ACCENT_COLOR_NAME = AccentColor;
				CODE_SIGN_STYLE = Automatic;
				CURRENT_PROJECT_VERSION = 1;
				DEVELOPMENT_ASSET_PATHS = "\"HobbyTarget/Preview Content\"";
				DEVELOPMENT_TEAM = BC36S54BFF;
				ENABLE_PREVIEWS = YES;
				GENERATE_INFOPLIST_FILE = YES;
				INFOPLIST_KEY_UIApplicationSceneManifest_Generation = YES;
				INFOPLIST_KEY_UIApplicationSupportsIndirectInputEvents = YES;
				INFOPLIST_KEY_UILaunchScreen_Generation = YES;
				INFOPLIST_KEY_UISupportedInterfaceOrientations_iPad = "UIInterfaceOrientationPortrait UIInterfaceOrientationPortraitUpsideDown UIInterfaceOrientationLandscapeLeft UIInterfaceOrientationLandscapeRight";
				INFOPLIST_KEY_UISupportedInterfaceOrientations_iPhone = "UIInterfaceOrientationPortrait UIInterfaceOrientationLandscapeLeft UIInterfaceOrientationLandscapeRight";
				IPHONEOS_DEPLOYMENT_TARGET = 17.0;
				LD_RUNPATH_SEARCH_PATHS = (
					"$(inherited)",
					"@executable_path/Frameworks",
				);
				MARKETING_VERSION = 1.0;
				PRODUCT_BUNDLE_IDENTIFIER = "Lev-Vlasov.HobbyTarget";
				PRODUCT_NAME = "$(TARGET_NAME)";
				SWIFT_EMIT_LOC_STRINGS = YES;
				SWIFT_VERSION = 5.0;
				TARGETED_DEVICE_FAMILY = "1,2";
			};
			name = Release;
		};
		0B2216FE2C63DCA200AEB3EB /* Debug */ = {
			isa = XCBuildConfiguration;
			buildSettings = {
				ALWAYS_EMBED_SWIFT_STANDARD_LIBRARIES = YES;
				BUNDLE_LOADER = "$(TEST_HOST)";
				CODE_SIGN_STYLE = Automatic;
				CURRENT_PROJECT_VERSION = 1;
				DEVELOPMENT_TEAM = BC36S54BFF;
				GENERATE_INFOPLIST_FILE = YES;
				IPHONEOS_DEPLOYMENT_TARGET = 17.5;
				MARKETING_VERSION = 1.0;
				PRODUCT_BUNDLE_IDENTIFIER = "Lev-Vlasov.HobbyTargetTests";
				PRODUCT_NAME = "$(TARGET_NAME)";
				SWIFT_EMIT_LOC_STRINGS = NO;
				SWIFT_VERSION = 5.0;
				TARGETED_DEVICE_FAMILY = "1,2";
				TEST_HOST = "$(BUILT_PRODUCTS_DIR)/HobbyTarget.app/$(BUNDLE_EXECUTABLE_FOLDER_PATH)/HobbyTarget";
			};
			name = Debug;
		};
		0B2216FF2C63DCA200AEB3EB /* Release */ = {
			isa = XCBuildConfiguration;
			buildSettings = {
				ALWAYS_EMBED_SWIFT_STANDARD_LIBRARIES = YES;
				BUNDLE_LOADER = "$(TEST_HOST)";
				CODE_SIGN_STYLE = Automatic;
				CURRENT_PROJECT_VERSION = 1;
				DEVELOPMENT_TEAM = BC36S54BFF;
				GENERATE_INFOPLIST_FILE = YES;
				IPHONEOS_DEPLOYMENT_TARGET = 17.5;
				MARKETING_VERSION = 1.0;
				PRODUCT_BUNDLE_IDENTIFIER = "Lev-Vlasov.HobbyTargetTests";
				PRODUCT_NAME = "$(TARGET_NAME)";
				SWIFT_EMIT_LOC_STRINGS = NO;
				SWIFT_VERSION = 5.0;
				TARGETED_DEVICE_FAMILY = "1,2";
				TEST_HOST = "$(BUILT_PRODUCTS_DIR)/HobbyTarget.app/$(BUNDLE_EXECUTABLE_FOLDER_PATH)/HobbyTarget";
			};
			name = Release;
		};
		0B2217012C63DCA200AEB3EB /* Debug */ = {
			isa = XCBuildConfiguration;
			buildSettings = {
				ALWAYS_EMBED_SWIFT_STANDARD_LIBRARIES = YES;
				CODE_SIGN_STYLE = Automatic;
				CURRENT_PROJECT_VERSION = 1;
				DEVELOPMENT_TEAM = BC36S54BFF;
				GENERATE_INFOPLIST_FILE = YES;
				MARKETING_VERSION = 1.0;
				PRODUCT_BUNDLE_IDENTIFIER = "Lev-Vlasov.HobbyTargetUITests";
				PRODUCT_NAME = "$(TARGET_NAME)";
				SWIFT_EMIT_LOC_STRINGS = NO;
				SWIFT_VERSION = 5.0;
				TARGETED_DEVICE_FAMILY = "1,2";
				TEST_TARGET_NAME = HobbyTarget;
			};
			name = Debug;
		};
		0B2217022C63DCA200AEB3EB /* Release */ = {
			isa = XCBuildConfiguration;
			buildSettings = {
				ALWAYS_EMBED_SWIFT_STANDARD_LIBRARIES = YES;
				CODE_SIGN_STYLE = Automatic;
				CURRENT_PROJECT_VERSION = 1;
				DEVELOPMENT_TEAM = BC36S54BFF;
				GENERATE_INFOPLIST_FILE = YES;
				MARKETING_VERSION = 1.0;
				PRODUCT_BUNDLE_IDENTIFIER = "Lev-Vlasov.HobbyTargetUITests";
				PRODUCT_NAME = "$(TARGET_NAME)";
				SWIFT_EMIT_LOC_STRINGS = NO;
				SWIFT_VERSION = 5.0;
				TARGETED_DEVICE_FAMILY = "1,2";
				TEST_TARGET_NAME = HobbyTarget;
			};
			name = Release;
		};
/* End XCBuildConfiguration section */

/* Begin XCConfigurationList section */
		0B2216CC2C63DCA100AEB3EB /* Build configuration list for PBXProject "HobbyTarget" */ = {
			isa = XCConfigurationList;
			buildConfigurations = (
				0B2216F82C63DCA200AEB3EB /* Debug */,
				0B2216F92C63DCA200AEB3EB /* Release */,
			);
			defaultConfigurationIsVisible = 0;
			defaultConfigurationName = Release;
		};
		0B2216FA2C63DCA200AEB3EB /* Build configuration list for PBXNativeTarget "HobbyTarget" */ = {
			isa = XCConfigurationList;
			buildConfigurations = (
				0B2216FB2C63DCA200AEB3EB /* Debug */,
				0B2216FC2C63DCA200AEB3EB /* Release */,
			);
			defaultConfigurationIsVisible = 0;
			defaultConfigurationName = Release;
		};
		0B2216FD2C63DCA200AEB3EB /* Build configuration list for PBXNativeTarget "HobbyTargetTests" */ = {
			isa = XCConfigurationList;
			buildConfigurations = (
				0B2216FE2C63DCA200AEB3EB /* Debug */,
				0B2216FF2C63DCA200AEB3EB /* Release */,
			);
			defaultConfigurationIsVisible = 0;
			defaultConfigurationName = Release;
		};
		0B2217002C63DCA200AEB3EB /* Build configuration list for PBXNativeTarget "HobbyTargetUITests" */ = {
			isa = XCConfigurationList;
			buildConfigurations = (
				0B2217012C63DCA200AEB3EB /* Debug */,
				0B2217022C63DCA200AEB3EB /* Release */,
			);
			defaultConfigurationIsVisible = 0;
			defaultConfigurationName = Release;
		};
/* End XCConfigurationList section */

/* Begin XCVersionGroup section */
		0B2216DF2C63DCA200AEB3EB /* HobbyTarget.xcdatamodeld */ = {
			isa = XCVersionGroup;
			children = (
				0B2216E02C63DCA200AEB3EB /* HobbyTarget.xcdatamodel */,
			);
			currentVersion = 0B2216E02C63DCA200AEB3EB /* HobbyTarget.xcdatamodel */;
			path = HobbyTarget.xcdatamodeld;
			sourceTree = "<group>";
			versionGroupType = wrapper.xcdatamodel;
		};
/* End XCVersionGroup section */
	};
	rootObject = 0B2216C92C63DCA100AEB3EB /* Project object */;
}
